
Microsoft Visual Studio Solution File, Format Version 12.00
# Visual Studio 2012
Project("{FAE04EC0-301F-11D3-BF4B-00C04F79EFBC}") = "MarysEntities", "MarysEntities\MarysEntities.csproj", "{795BB528-83BE-40A8-B770-DA557DFECE9B}"
EndProject
Project("{E24C65DC-7377-472B-9ABA-BC803B73C61A}") = "WebSite9", "http://localhost:50369", "{45047294-3AB6-4485-B037-7F199100F48C}"
	ProjectSection(WebsiteProperties) = preProject
		UseIISExpress = "true"
		TargetFrameworkMoniker = ".NETFramework,Version%3Dv4.5"
		ProjectReferences = "{795bb528-83be-40a8-b770-da557dfece9b}|MarysEntities.dll;"
		Debug.AspNetCompiler.VirtualPath = "/localhost_50369"
		Debug.AspNetCompiler.PhysicalPath = "WebSite9\"
		Debug.AspNetCompiler.TargetPath = "PrecompiledWeb\localhost_50369\"
		Debug.AspNetCompiler.Updateable = "true"
		Debug.AspNetCompiler.ForceOverwrite = "true"
		Debug.AspNetCompiler.FixedNames = "false"
		Debug.AspNetCompiler.Debug = "True"
		Release.AspNetCompiler.VirtualPath = "/localhost_50369"
		Release.AspNetCompiler.PhysicalPath = "WebSite9\"
		Release.AspNetCompiler.TargetPath = "PrecompiledWeb\localhost_50369\"
		Release.AspNetCompiler.Updateable = "true"
		Release.AspNetCompiler.ForceOverwrite = "true"
		Release.AspNetCompiler.FixedNames = "false"
		Release.AspNetCompiler.Debug = "False"
		SlnRelativePath = "WebSite9\"
		DefaultWebSiteLanguage = "Visual C#"
	EndProjectSection
EndProject
Global
	GlobalSection(SolutionConfigurationPlatforms) = preSolution
		Debug|Any CPU = Debug|Any CPU
		Release|Any CPU = Release|Any CPU
	EndGlobalSection
	GlobalSection(ProjectConfigurationPlatforms) = postSolution
		{795BB528-83BE-40A8-B770-DA557DFECE9B}.Debug|Any CPU.ActiveCfg = Debug|Any CPU
		{795BB528-83BE-40A8-B770-DA557DFECE9B}.Debug|Any CPU.Build.0 = Debug|Any CPU
		{795BB528-83BE-40A8-B770-DA557DFECE9B}.Release|Any CPU.ActiveCfg = Release|Any CPU
		{795BB528-83BE-40A8-B770-DA557DFECE9B}.Release|Any CPU.Build.0 = Release|Any CPU
		{45047294-3AB6-4485-B037-7F199100F48C}.Debug|Any CPU.ActiveCfg = Debug|Any CPU
		{45047294-3AB6-4485-B037-7F199100F48C}.Debug|Any CPU.Build.0 = Debug|Any CPU
		{45047294-3AB6-4485-B037-7F199100F48C}.Release|Any CPU.ActiveCfg = Debug|Any CPU
		{45047294-3AB6-4485-B037-7F199100F48C}.Release|Any CPU.Build.0 = Debug|Any CPU
	EndGlobalSection
	GlobalSection(SolutionProperties) = preSolution
		HideSolutionNode = FALSE
	EndGlobalSection
EndGlobal
